// !$*UTF8*$!
{
	archiveVersion = 1;
	classes = {
	};
	objectVersion = 50;
	objects = {

/* Begin PBXBuildFile section */
		688E221127076AE700A74635 /* AppDelegate.swift in Sources */ = {isa = PBXBuildFile; fileRef = 688E221027076AE700A74635 /* AppDelegate.swift */; };
		688E221327076AE700A74635 /* SceneDelegate.swift in Sources */ = {isa = PBXBuildFile; fileRef = 688E221227076AE700A74635 /* SceneDelegate.swift */; };
		688E221827076AE700A74635 /* Main.storyboard in Resources */ = {isa = PBXBuildFile; fileRef = 688E221627076AE700A74635 /* Main.storyboard */; };
		688E221A27076AE900A74635 /* Assets.xcassets in Resources */ = {isa = PBXBuildFile; fileRef = 688E221927076AE900A74635 /* Assets.xcassets */; };
		688E221D27076AE900A74635 /* LaunchScreen.storyboard in Resources */ = {isa = PBXBuildFile; fileRef = 688E221B27076AE900A74635 /* LaunchScreen.storyboard */; };
		688E222827076AEA00A74635 /* IBAssignmntTests.swift in Sources */ = {isa = PBXBuildFile; fileRef = 688E222727076AEA00A74635 /* IBAssignmntTests.swift */; };
		688E223327076AEA00A74635 /* IBAssignmntUITests.swift in Sources */ = {isa = PBXBuildFile; fileRef = 688E223227076AEA00A74635 /* IBAssignmntUITests.swift */; };
		688E224227076BCF00A74635 /* IBExtensions.swift in Sources */ = {isa = PBXBuildFile; fileRef = 688E224127076BCF00A74635 /* IBExtensions.swift */; };
		688E224527076C0800A74635 /* IBMainViewController.swift in Sources */ = {isa = PBXBuildFile; fileRef = 688E224427076C0800A74635 /* IBMainViewController.swift */; };
/* End PBXBuildFile section */

/* Begin PBXContainerItemProxy section */
		688E222427076AEA00A74635 /* PBXContainerItemProxy */ = {
			isa = PBXContainerItemProxy;
			containerPortal = 688E220527076AE700A74635 /* Project object */;
			proxyType = 1;
			remoteGlobalIDString = 688E220C27076AE700A74635;
			remoteInfo = IBAssignmnt;
		};
		688E222F27076AEA00A74635 /* PBXContainerItemProxy */ = {
			isa = PBXContainerItemProxy;
			containerPortal = 688E220527076AE700A74635 /* Project object */;
			proxyType = 1;
			remoteGlobalIDString = 688E220C27076AE700A74635;
			remoteInfo = IBAssignmnt;
		};
/* End PBXContainerItemProxy section */

/* Begin PBXFileReference section */
		688E220D27076AE700A74635 /* IBAssignmnt.app */ = {isa = PBXFileReference; explicitFileType = wrapper.application; includeInIndex = 0; path = IBAssignmnt.app; sourceTree = BUILT_PRODUCTS_DIR; };
		688E221027076AE700A74635 /* AppDelegate.swift */ = {isa = PBXFileReference; lastKnownFileType = sourcecode.swift; path = AppDelegate.swift; sourceTree = "<group>"; };
		688E221227076AE700A74635 /* SceneDelegate.swift */ = {isa = PBXFileReference; lastKnownFileType = sourcecode.swift; path = SceneDelegate.swift; sourceTree = "<group>"; };
		688E221727076AE700A74635 /* Base */ = {isa = PBXFileReference; lastKnownFileType = file.storyboard; name = Base; path = Base.lproj/Main.storyboard; sourceTree = "<group>"; };
		688E221927076AE900A74635 /* Assets.xcassets */ = {isa = PBXFileReference; lastKnownFileType = folder.assetcatalog; path = Assets.xcassets; sourceTree = "<group>"; };
		688E221C27076AE900A74635 /* Base */ = {isa = PBXFileReference; lastKnownFileType = file.storyboard; name = Base; path = Base.lproj/LaunchScreen.storyboard; sourceTree = "<group>"; };
		688E221E27076AE900A74635 /* Info.plist */ = {isa = PBXFileReference; lastKnownFileType = text.plist.xml; path = Info.plist; sourceTree = "<group>"; };
		688E222327076AEA00A74635 /* IBAssignmntTests.xctest */ = {isa = PBXFileReference; explicitFileType = wrapper.cfbundle; includeInIndex = 0; path = IBAssignmntTests.xctest; sourceTree = BUILT_PRODUCTS_DIR; };
		688E222727076AEA00A74635 /* IBAssignmntTests.swift */ = {isa = PBXFileReference; lastKnownFileType = sourcecode.swift; path = IBAssignmntTests.swift; sourceTree = "<group>"; };
		688E222927076AEA00A74635 /* Info.plist */ = {isa = PBXFileReference; lastKnownFileType = text.plist.xml; path = Info.plist; sourceTree = "<group>"; };
		688E222E27076AEA00A74635 /* IBAssignmntUITests.xctest */ = {isa = PBXFileReference; explicitFileType = wrapper.cfbundle; includeInIndex = 0; path = IBAssignmntUITests.xctest; sourceTree = BUILT_PRODUCTS_DIR; };
		688E223227076AEA00A74635 /* IBAssignmntUITests.swift */ = {isa = PBXFileReference; lastKnownFileType = sourcecode.swift; path = IBAssignmntUITests.swift; sourceTree = "<group>"; };
		688E223427076AEA00A74635 /* Info.plist */ = {isa = PBXFileReference; lastKnownFileType = text.plist.xml; path = Info.plist; sourceTree = "<group>"; };
		688E224127076BCF00A74635 /* IBExtensions.swift */ = {isa = PBXFileReference; lastKnownFileType = sourcecode.swift; path = IBExtensions.swift; sourceTree = "<group>"; };
		688E224427076C0800A74635 /* IBMainViewController.swift */ = {isa = PBXFileReference; lastKnownFileType = sourcecode.swift; path = IBMainViewController.swift; sourceTree = "<group>"; };
/* End PBXFileReference section */

/* Begin PBXFrameworksBuildPhase section */
		688E220A27076AE700A74635 /* Frameworks */ = {
			isa = PBXFrameworksBuildPhase;
			buildActionMask = 2147483647;
			files = (
			);
			runOnlyForDeploymentPostprocessing = 0;
		};
		688E222027076AEA00A74635 /* Frameworks */ = {
			isa = PBXFrameworksBuildPhase;
			buildActionMask = 2147483647;
			files = (
			);
			runOnlyForDeploymentPostprocessing = 0;
		};
		688E222B27076AEA00A74635 /* Frameworks */ = {
			isa = PBXFrameworksBuildPhase;
			buildActionMask = 2147483647;
			files = (
			);
			runOnlyForDeploymentPostprocessing = 0;
		};
/* End PBXFrameworksBuildPhase section */

/* Begin PBXGroup section */
		688E220427076AE700A74635 = {
			isa = PBXGroup;
			children = (
				688E220F27076AE700A74635 /* IBAssignmnt */,
				688E222627076AEA00A74635 /* IBAssignmntTests */,
				688E223127076AEA00A74635 /* IBAssignmntUITests */,
				688E220E27076AE700A74635 /* Products */,
			);
			sourceTree = "<group>";
		};
		688E220E27076AE700A74635 /* Products */ = {
			isa = PBXGroup;
			children = (
				688E220D27076AE700A74635 /* IBAssignmnt.app */,
				688E222327076AEA00A74635 /* IBAssignmntTests.xctest */,
				688E222E27076AEA00A74635 /* IBAssignmntUITests.xctest */,
			);
			name = Products;
			sourceTree = "<group>";
		};
		688E220F27076AE700A74635 /* IBAssignmnt */ = {
			isa = PBXGroup;
			children = (
				688E224327076BF500A74635 /* MainView */,
				688E224027076BB600A74635 /* Extension */,
				688E221027076AE700A74635 /* AppDelegate.swift */,
				688E221227076AE700A74635 /* SceneDelegate.swift */,
				688E221627076AE700A74635 /* Main.storyboard */,
				688E221927076AE900A74635 /* Assets.xcassets */,
				688E221B27076AE900A74635 /* LaunchScreen.storyboard */,
				688E221E27076AE900A74635 /* Info.plist */,
			);
			path = IBAssignmnt;
			sourceTree = "<group>";
		};
		688E222627076AEA00A74635 /* IBAssignmntTests */ = {
			isa = PBXGroup;
			children = (
				688E222727076AEA00A74635 /* IBAssignmntTests.swift */,
				688E222927076AEA00A74635 /* Info.plist */,
			);
			path = IBAssignmntTests;
			sourceTree = "<group>";
		};
		688E223127076AEA00A74635 /* IBAssignmntUITests */ = {
			isa = PBXGroup;
			children = (
				688E223227076AEA00A74635 /* IBAssignmntUITests.swift */,
				688E223427076AEA00A74635 /* Info.plist */,
			);
			path = IBAssignmntUITests;
			sourceTree = "<group>";
		};
		688E224027076BB600A74635 /* Extension */ = {
			isa = PBXGroup;
			children = (
				688E224127076BCF00A74635 /* IBExtensions.swift */,
			);
			path = Extension;
			sourceTree = "<group>";
		};
		688E224327076BF500A74635 /* MainView */ = {
			isa = PBXGroup;
			children = (
				688E224427076C0800A74635 /* IBMainViewController.swift */,
			);
			path = MainView;
			sourceTree = "<group>";
		};
/* End PBXGroup section */

/* Begin PBXNativeTarget section */
		688E220C27076AE700A74635 /* IBAssignmnt */ = {
			isa = PBXNativeTarget;
			buildConfigurationList = 688E223727076AEA00A74635 /* Build configuration list for PBXNativeTarget "IBAssignmnt" */;
			buildPhases = (
				688E220927076AE700A74635 /* Sources */,
				688E220A27076AE700A74635 /* Frameworks */,
				688E220B27076AE700A74635 /* Resources */,
			);
			buildRules = (
			);
			dependencies = (
			);
			name = IBAssignmnt;
			productName = IBAssignmnt;
			productReference = 688E220D27076AE700A74635 /* IBAssignmnt.app */;
			productType = "com.apple.product-type.application";
		};
		688E222227076AEA00A74635 /* IBAssignmntTests */ = {
			isa = PBXNativeTarget;
			buildConfigurationList = 688E223A27076AEA00A74635 /* Build configuration list for PBXNativeTarget "IBAssignmntTests" */;
			buildPhases = (
				688E221F27076AEA00A74635 /* Sources */,
				688E222027076AEA00A74635 /* Frameworks */,
				688E222127076AEA00A74635 /* Resources */,
			);
			buildRules = (
			);
			dependencies = (
				688E222527076AEA00A74635 /* PBXTargetDependency */,
			);
			name = IBAssignmntTests;
			productName = IBAssignmntTests;
			productReference = 688E222327076AEA00A74635 /* IBAssignmntTests.xctest */;
			productType = "com.apple.product-type.bundle.unit-test";
		};
		688E222D27076AEA00A74635 /* IBAssignmntUITests */ = {
			isa = PBXNativeTarget;
			buildConfigurationList = 688E223D27076AEA00A74635 /* Build configuration list for PBXNativeTarget "IBAssignmntUITests" */;
			buildPhases = (
				688E222A27076AEA00A74635 /* Sources */,
				688E222B27076AEA00A74635 /* Frameworks */,
				688E222C27076AEA00A74635 /* Resources */,
			);
			buildRules = (
			);
			dependencies = (
				688E223027076AEA00A74635 /* PBXTargetDependency */,
			);
			name = IBAssignmntUITests;
			productName = IBAssignmntUITests;
			productReference = 688E222E27076AEA00A74635 /* IBAssignmntUITests.xctest */;
			productType = "com.apple.product-type.bundle.ui-testing";
		};
/* End PBXNativeTarget section */

/* Begin PBXProject section */
		688E220527076AE700A74635 /* Project object */ = {
			isa = PBXProject;
			attributes = {
				LastSwiftUpdateCheck = 1250;
				LastUpgradeCheck = 1250;
				TargetAttributes = {
					688E220C27076AE700A74635 = {
						CreatedOnToolsVersion = 12.5.1;
					};
					688E222227076AEA00A74635 = {
						CreatedOnToolsVersion = 12.5.1;
						TestTargetID = 688E220C27076AE700A74635;
					};
					688E222D27076AEA00A74635 = {
						CreatedOnToolsVersion = 12.5.1;
						TestTargetID = 688E220C27076AE700A74635;
					};
				};
			};
			buildConfigurationList = 688E220827076AE700A74635 /* Build configuration list for PBXProject "IBAssignmnt" */;
			compatibilityVersion = "Xcode 9.3";
			developmentRegion = en;
			hasScannedForEncodings = 0;
			knownRegions = (
				en,
				Base,
			);
			mainGroup = 688E220427076AE700A74635;
			productRefGroup = 688E220E27076AE700A74635 /* Products */;
			projectDirPath = "";
			projectRoot = "";
			targets = (
				688E220C27076AE700A74635 /* IBAssignmnt */,
				688E222227076AEA00A74635 /* IBAssignmntTests */,
				688E222D27076AEA00A74635 /* IBAssignmntUITests */,
			);
		};
/* End PBXProject section */

/* Begin PBXResourcesBuildPhase section */
		688E220B27076AE700A74635 /* Resources */ = {
			isa = PBXResourcesBuildPhase;
			buildActionMask = 2147483647;
			files = (
				688E221D27076AE900A74635 /* LaunchScreen.storyboard in Resources */,
				688E221A27076AE900A74635 /* Assets.xcassets in Resources */,
				688E221827076AE700A74635 /* Main.storyboard in Resources */,
			);
			runOnlyForDeploymentPostprocessing = 0;
		};
		688E222127076AEA00A74635 /* Resources */ = {
			isa = PBXResourcesBuildPhase;
			buildActionMask = 2147483647;
			files = (
			);
			runOnlyForDeploymentPostprocessing = 0;
		};
		688E222C27076AEA00A74635 /* Resources */ = {
			isa = PBXResourcesBuildPhase;
			buildActionMask = 2147483647;
			files = (
			);
			runOnlyForDeploymentPostprocessing = 0;
		};
/* End PBXResourcesBuildPhase section */

/* Begin PBXSourcesBuildPhase section */
		688E220927076AE700A74635 /* Sources */ = {
			isa = PBXSourcesBuildPhase;
			buildActionMask = 2147483647;
			files = (
				688E224227076BCF00A74635 /* IBExtensions.swift in Sources */,
				688E221127076AE700A74635 /* AppDelegate.swift in Sources */,
				688E221327076AE700A74635 /* SceneDelegate.swift in Sources */,
				688E224527076C0800A74635 /* IBMainViewController.swift in Sources */,
			);
			runOnlyForDeploymentPostprocessing = 0;
		};
		688E221F27076AEA00A74635 /* Sources */ = {
			isa = PBXSourcesBuildPhase;
			buildActionMask = 2147483647;
			files = (
				688E222827076AEA00A74635 /* IBAssignmntTests.swift in Sources */,
			);
			runOnlyForDeploymentPostprocessing = 0;
		};
		688E222A27076AEA00A74635 /* Sources */ = {
			isa = PBXSourcesBuildPhase;
			buildActionMask = 2147483647;
			files = (
				688E223327076AEA00A74635 /* IBAssignmntUITests.swift in Sources */,
			);
			runOnlyForDeploymentPostprocessing = 0;
		};
/* End PBXSourcesBuildPhase section */

/* Begin PBXTargetDependency section */
		688E222527076AEA00A74635 /* PBXTargetDependency */ = {
			isa = PBXTargetDependency;
			target = 688E220C27076AE700A74635 /* IBAssignmnt */;
			targetProxy = 688E222427076AEA00A74635 /* PBXContainerItemProxy */;
		};
		688E223027076AEA00A74635 /* PBXTargetDependency */ = {
			isa = PBXTargetDependency;
			target = 688E220C27076AE700A74635 /* IBAssignmnt */;
			targetProxy = 688E222F27076AEA00A74635 /* PBXContainerItemProxy */;
		};
/* End PBXTargetDependency section */

/* Begin PBXVariantGroup section */
		688E221627076AE700A74635 /* Main.storyboard */ = {
			isa = PBXVariantGroup;
			children = (
				688E221727076AE700A74635 /* Base */,
			);
			name = Main.storyboard;
			sourceTree = "<group>";
		};
		688E221B27076AE900A74635 /* LaunchScreen.storyboard */ = {
			isa = PBXVariantGroup;
			children = (
				688E221C27076AE900A74635 /* Base */,
			);
			name = LaunchScreen.storyboard;
			sourceTree = "<group>";
		};
/* End PBXVariantGroup section */

/* Begin XCBuildConfiguration section */
		688E223527076AEA00A74635 /* Debug */ = {
			isa = XCBuildConfiguration;
			buildSettings = {
				ALWAYS_SEARCH_USER_PATHS = NO;
				CLANG_ANALYZER_NONNULL = YES;
				CLANG_ANALYZER_NUMBER_OBJECT_CONVERSION = YES_AGGRESSIVE;
				CLANG_CXX_LANGUAGE_STANDARD = "gnu++14";
				CLANG_CXX_LIBRARY = "libc++";
				CLANG_ENABLE_MODULES = YES;
				CLANG_ENABLE_OBJC_ARC = YES;
				CLANG_ENABLE_OBJC_WEAK = YES;
				CLANG_WARN_BLOCK_CAPTURE_AUTORELEASING = YES;
				CLANG_WARN_BOOL_CONVERSION = YES;
				CLANG_WARN_COMMA = YES;
				CLANG_WARN_CONSTANT_CONVERSION = YES;
				CLANG_WARN_DEPRECATED_OBJC_IMPLEMENTATIONS = YES;
				CLANG_WARN_DIRECT_OBJC_ISA_USAGE = YES_ERROR;
				CLANG_WARN_DOCUMENTATION_COMMENTS = YES;
				CLANG_WARN_EMPTY_BODY = YES;
				CLANG_WARN_ENUM_CONVERSION = YES;
				CLANG_WARN_INFINITE_RECURSION = YES;
				CLANG_WARN_INT_CONVERSION = YES;
				CLANG_WARN_NON_LITERAL_NULL_CONVERSION = YES;
				CLANG_WARN_OBJC_IMPLICIT_RETAIN_SELF = YES;
				CLANG_WARN_OBJC_LITERAL_CONVERSION = YES;
				CLANG_WARN_OBJC_ROOT_CLASS = YES_ERROR;
				CLANG_WARN_QUOTED_INCLUDE_IN_FRAMEWORK_HEADER = YES;
				CLANG_WARN_RANGE_LOOP_ANALYSIS = YES;
				CLANG_WARN_STRICT_PROTOTYPES = YES;
				CLANG_WARN_SUSPICIOUS_MOVE = YES;
				CLANG_WARN_UNGUARDED_AVAILABILITY = YES_AGGRESSIVE;
				CLANG_WARN_UNREACHABLE_CODE = YES;
				CLANG_WARN__DUPLICATE_METHOD_MATCH = YES;
				COPY_PHASE_STRIP = NO;
				DEBUG_INFORMATION_FORMAT = dwarf;
				ENABLE_STRICT_OBJC_MSGSEND = YES;
				ENABLE_TESTABILITY = YES;
				GCC_C_LANGUAGE_STANDARD = gnu11;
				GCC_DYNAMIC_NO_PIC = NO;
				GCC_NO_COMMON_BLOCKS = YES;
				GCC_OPTIMIZATION_LEVEL = 0;
				GCC_PREPROCESSOR_DEFINITIONS = (
					"DEBUG=1",
					"$(inherited)",
				);
				GCC_WARN_64_TO_32_BIT_CONVERSION = YES;
				GCC_WARN_ABOUT_RETURN_TYPE = YES_ERROR;
				GCC_WARN_UNDECLARED_SELECTOR = YES;
				GCC_WARN_UNINITIALIZED_AUTOS = YES_AGGRESSIVE;
				GCC_WARN_UNUSED_FUNCTION = YES;
				GCC_WARN_UNUSED_VARIABLE = YES;
				IPHONEOS_DEPLOYMENT_TARGET = 14.5;
				MTL_ENABLE_DEBUG_INFO = INCLUDE_SOURCE;
				MTL_FAST_MATH = YES;
				ONLY_ACTIVE_ARCH = YES;
				SDKROOT = iphoneos;
				SWIFT_ACTIVE_COMPILATION_CONDITIONS = DEBUG;
				SWIFT_OPTIMIZATION_LEVEL = "-Onone";
			};
			name = Debug;
		};
		688E223627076AEA00A74635 /* Release */ = {
			isa = XCBuildConfiguration;
			buildSettings = {
				ALWAYS_SEARCH_USER_PATHS = NO;
				CLANG_ANALYZER_NONNULL = YES;
				CLANG_ANALYZER_NUMBER_OBJECT_CONVERSION = YES_AGGRESSIVE;
				CLANG_CXX_LANGUAGE_STANDARD = "gnu++14";
				CLANG_CXX_LIBRARY = "libc++";
				CLANG_ENABLE_MODULES = YES;
				CLANG_ENABLE_OBJC_ARC = YES;
				CLANG_ENABLE_OBJC_WEAK = YES;
				CLANG_WARN_BLOCK_CAPTURE_AUTORELEASING = YES;
				CLANG_WARN_BOOL_CONVERSION = YES;
				CLANG_WARN_COMMA = YES;
				CLANG_WARN_CONSTANT_CONVERSION = YES;
				CLANG_WARN_DEPRECATED_OBJC_IMPLEMENTATIONS = YES;
				CLANG_WARN_DIRECT_OBJC_ISA_USAGE = YES_ERROR;
				CLANG_WARN_DOCUMENTATION_COMMENTS = YES;
				CLANG_WARN_EMPTY_BODY = YES;
				CLANG_WARN_ENUM_CONVERSION = YES;
				CLANG_WARN_INFINITE_RECURSION = YES;
				CLANG_WARN_INT_CONVERSION = YES;
				CLANG_WARN_NON_LITERAL_NULL_CONVERSION = YES;
				CLANG_WARN_OBJC_IMPLICIT_RETAIN_SELF = YES;
				CLANG_WARN_OBJC_LITERAL_CONVERSION = YES;
				CLANG_WARN_OBJC_ROOT_CLASS = YES_ERROR;
				CLANG_WARN_QUOTED_INCLUDE_IN_FRAMEWORK_HEADER = YES;
				CLANG_WARN_RANGE_LOOP_ANALYSIS = YES;
				CLANG_WARN_STRICT_PROTOTYPES = YES;
				CLANG_WARN_SUSPICIOUS_MOVE = YES;
				CLANG_WARN_UNGUARDED_AVAILABILITY = YES_AGGRESSIVE;
				CLANG_WARN_UNREACHABLE_CODE = YES;
				CLANG_WARN__DUPLICATE_METHOD_MATCH = YES;
				COPY_PHASE_STRIP = NO;
				DEBUG_INFORMATION_FORMAT = "dwarf-with-dsym";
				ENABLE_NS_ASSERTIONS = NO;
				ENABLE_STRICT_OBJC_MSGSEND = YES;
				GCC_C_LANGUAGE_STANDARD = gnu11;
				GCC_NO_COMMON_BLOCKS = YES;
				GCC_WARN_64_TO_32_BIT_CONVERSION = YES;
				GCC_WARN_ABOUT_RETURN_TYPE = YES_ERROR;
				GCC_WARN_UNDECLARED_SELECTOR = YES;
				GCC_WARN_UNINITIALIZED_AUTOS = YES_AGGRESSIVE;
				GCC_WARN_UNUSED_FUNCTION = YES;
				GCC_WARN_UNUSED_VARIABLE = YES;
				IPHONEOS_DEPLOYMENT_TARGET = 14.5;
				MTL_ENABLE_DEBUG_INFO = NO;
				MTL_FAST_MATH = YES;
				SDKROOT = iphoneos;
				SWIFT_COMPILATION_MODE = wholemodule;
				SWIFT_OPTIMIZATION_LEVEL = "-O";
				VALIDATE_PRODUCT = YES;
			};
			name = Release;
		};
		688E223827076AEA00A74635 /* Debug */ = {
			isa = XCBuildConfiguration;
			buildSettings = {
				ASSETCATALOG_COMPILER_APPICON_NAME = AppIcon;
				ASSETCATALOG_COMPILER_GLOBAL_ACCENT_COLOR_NAME = AccentColor;
				CODE_SIGN_STYLE = Automatic;
				INFOPLIST_FILE = IBAssignmnt/Info.plist;
				LD_RUNPATH_SEARCH_PATHS = (
					"$(inherited)",
					"@executable_path/Frameworks",
				);
				PRODUCT_BUNDLE_IDENTIFIER = Ichrak.IBAssignmnt;
				PRODUCT_NAME = "$(TARGET_NAME)";
				SWIFT_VERSION = 5.0;
				TARGETED_DEVICE_FAMILY = "1,2";
			};
			name = Debug;
		};
		688E223927076AEA00A74635 /* Release */ = {
			isa = XCBuildConfiguration;
			buildSettings = {
				ASSETCATALOG_COMPILER_APPICON_NAME = AppIcon;
				ASSETCATALOG_COMPILER_GLOBAL_ACCENT_COLOR_NAME = AccentColor;
				CODE_SIGN_STYLE = Automatic;
				INFOPLIST_FILE = IBAssignmnt/Info.plist;
				LD_RUNPATH_SEARCH_PATHS = (
					"$(inherited)",
					"@executable_path/Frameworks",
				);
				PRODUCT_BUNDLE_IDENTIFIER = Ichrak.IBAssignmnt;
				PRODUCT_NAME = "$(TARGET_NAME)";
				SWIFT_VERSION = 5.0;
				TARGETED_DEVICE_FAMILY = "1,2";
			};
			name = Release;
		};
		688E223B27076AEA00A74635 /* Debug */ = {
			isa = XCBuildConfiguration;
			buildSettings = {
				ALWAYS_EMBED_SWIFT_STANDARD_LIBRARIES = YES;
				BUNDLE_LOADER = "$(TEST_HOST)";
				CODE_SIGN_STYLE = Automatic;
				INFOPLIST_FILE = IBAssignmntTests/Info.plist;
				IPHONEOS_DEPLOYMENT_TARGET = 14.5;
				LD_RUNPATH_SEARCH_PATHS = (
					"$(inherited)",
					"@executable_path/Frameworks",
					"@loader_path/Frameworks",
				);
				PRODUCT_BUNDLE_IDENTIFIER = Ichrak.IBAssignmntTests;
				PRODUCT_NAME = "$(TARGET_NAME)";
				SWIFT_VERSION = 5.0;
				TARGETED_DEVICE_FAMILY = "1,2";
				TEST_HOST = "$(BUILT_PRODUCTS_DIR)/IBAssignmnt.app/IBAssignmnt";
			};
			name = Debug;
		};
		688E223C27076AEA00A74635 /* Release */ = {
			isa = XCBuildConfiguration;
			buildSettings = {
				ALWAYS_EMBED_SWIFT_STANDARD_LIBRARIES = YES;
				BUNDLE_LOADER = "$(TEST_HOST)";
				CODE_SIGN_STYLE = Automatic;
				INFOPLIST_FILE = IBAssignmntTests/Info.plist;
				IPHONEOS_DEPLOYMENT_TARGET = 14.5;
				LD_RUNPATH_SEARCH_PATHS = (
					"$(inherited)",
					"@executable_path/Frameworks",
					"@loader_path/Frameworks",
				);
				PRODUCT_BUNDLE_IDENTIFIER = Ichrak.IBAssignmntTests;
				PRODUCT_NAME = "$(TARGET_NAME)";
				SWIFT_VERSION = 5.0;
				TARGETED_DEVICE_FAMILY = "1,2";
				TEST_HOST = "$(BUILT_PRODUCTS_DIR)/IBAssignmnt.app/IBAssignmnt";
			};
			name = Release;
		};
		688E223E27076AEA00A74635 /* Debug */ = {
			isa = XCBuildConfiguration;
			buildSettings = {
				ALWAYS_EMBED_SWIFT_STANDARD_LIBRARIES = YES;
				CODE_SIGN_STYLE = Automatic;
				INFOPLIST_FILE = IBAssignmntUITests/Info.plist;
				LD_RUNPATH_SEARCH_PATHS = (
					"$(inherited)",
					"@executable_path/Frameworks",
					"@loader_path/Frameworks",
				);
				PRODUCT_BUNDLE_IDENTIFIER = Ichrak.IBAssignmntUITests;
				PRODUCT_NAME = "$(TARGET_NAME)";
				SWIFT_VERSION = 5.0;
				TARGETED_DEVICE_FAMILY = "1,2";
				TEST_TARGET_NAME = IBAssignmnt;
			};
			name = Debug;
		};
		688E223F27076AEA00A74635 /* Release */ = {
			isa = XCBuildConfiguration;
			buildSettings = {
				ALWAYS_EMBED_SWIFT_STANDARD_LIBRARIES = YES;
				CODE_SIGN_STYLE = Automatic;
				INFOPLIST_FILE = IBAssignmntUITests/Info.plist;
				LD_RUNPATH_SEARCH_PATHS = (
					"$(inherited)",
					"@executable_path/Frameworks",
					"@loader_path/Frameworks",
				);
				PRODUCT_BUNDLE_IDENTIFIER = Ichrak.IBAssignmntUITests;
				PRODUCT_NAME = "$(TARGET_NAME)";
				SWIFT_VERSION = 5.0;
				TARGETED_DEVICE_FAMILY = "1,2";
				TEST_TARGET_NAME = IBAssignmnt;
			};
			name = Release;
		};
/* End XCBuildConfiguration section */

/* Begin XCConfigurationList section */
		688E220827076AE700A74635 /* Build configuration list for PBXProject "IBAssignmnt" */ = {
			isa = XCConfigurationList;
			buildConfigurations = (
				688E223527076AEA00A74635 /* Debug */,
				688E223627076AEA00A74635 /* Release */,
			);
			defaultConfigurationIsVisible = 0;
			defaultConfigurationName = Release;
		};
		688E223727076AEA00A74635 /* Build configuration list for PBXNativeTarget "IBAssignmnt" */ = {
			isa = XCConfigurationList;
			buildConfigurations = (
				688E223827076AEA00A74635 /* Debug */,
				688E223927076AEA00A74635 /* Release */,
			);
			defaultConfigurationIsVisible = 0;
			defaultConfigurationName = Release;
		};
		688E223A27076AEA00A74635 /* Build configuration list for PBXNativeTarget "IBAssignmntTests" */ = {
			isa = XCConfigurationList;
			buildConfigurations = (
				688E223B27076AEA00A74635 /* Debug */,
				688E223C27076AEA00A74635 /* Release */,
			);
			defaultConfigurationIsVisible = 0;
			defaultConfigurationName = Release;
		};
		688E223D27076AEA00A74635 /* Build configuration list for PBXNativeTarget "IBAssignmntUITests" */ = {
			isa = XCConfigurationList;
			buildConfigurations = (
				688E223E27076AEA00A74635 /* Debug */,
				688E223F27076AEA00A74635 /* Release */,
			);
			defaultConfigurationIsVisible = 0;
			defaultConfigurationName = Release;
		};
/* End XCConfigurationList section */
	};
	rootObject = 688E220527076AE700A74635 /* Project object */;
}
